{
  "name": "project-dv25-2",
  "lockfileVersion": 2,
  "requires": true,
  "packages": {
    "": {
      "dependencies": {
        "@observablehq/runtime": "^6.0.0"
      }
    },
    "node_modules/@observablehq/runtime": {
      "version": "6.0.0",
      "resolved": "https://registry.npmjs.org/@observablehq/runtime/-/runtime-6.0.0.tgz",
      "integrity": "sha512-t3UXP69O0JK20HY/neF4/DDDSDorwo92As806Y1pNTgTmj1NtoPyVpesYzfH31gTFOFrXC2cArV+wLpebMk9eA=="
    }
  },
  "dependencies": {
    "@observablehq/runtime": {
      "version": "6.0.0",
      "resolved": "https://registry.npmjs.org/@observablehq/runtime/-/runtime-6.0.0.tgz",
      "integrity": "sha512-t3UXP69O0JK20HY/neF4/DDDSDorwo92As806Y1pNTgTmj1NtoPyVpesYzfH31gTFOFrXC2cArV+wLpebMk9eA=="
    }
  }
}
